
Microsoft Visual Studio Solution File, Format Version 12.00
# Visual Studio Version 16
VisualStudioVersion = 16.0.29519.181
MinimumVisualStudioVersion = 10.0.40219.1
Project("{FAE04EC0-301F-11D3-BF4B-00C04F79EFBC}") = "PizzaPlace", "PizzaPlace\PizzaPlace.csproj", "{C5520A39-8FF8-497E-8879-4EC908A0481C}"
EndProject
Global
	GlobalSection(SolutionConfigurationPlatforms) = preSolution
		Debug|Any CPU = Debug|Any CPU
		Release|Any CPU = Release|Any CPU
	EndGlobalSection
	GlobalSection(ProjectConfigurationPlatforms) = postSolution
		{C5520A39-8FF8-497E-8879-4EC908A0481C}.Debug|Any CPU.ActiveCfg = Debug|Any CPU
		{C5520A39-8FF8-497E-8879-4EC908A0481C}.Debug|Any CPU.Build.0 = Debug|Any CPU
		{C5520A39-8FF8-497E-8879-4EC908A0481C}.Release|Any CPU.ActiveCfg = Release|Any CPU
		{C5520A39-8FF8-497E-8879-4EC908A0481C}.Release|Any CPU.Build.0 = Release|Any CPU
	EndGlobalSection
	GlobalSection(SolutionProperties) = preSolution
		HideSolutionNode = FALSE
	EndGlobalSection
	GlobalSection(ExtensibilityGlobals) = postSolution
		SolutionGuid = {8B1DDE99-FA66-487C-90B6-6C6C49AE402F}
	EndGlobalSection
EndGlobal
